
Microsoft Visual Studio Solution File, Format Version 12.00
# Visual Studio Version 17
VisualStudioVersion = 17.6.33801.468
MinimumVisualStudioVersion = 10.0.40219.1
Project("{FAE04EC0-301F-11D3-BF4B-00C04F79EFBC}") = "AMqpClient", "AMqpClient\AMqpClient.csproj", "{AF29EEA2-9750-4115-BEF0-CABB2BA27F97}"
EndProject
Global
	GlobalSection(SolutionConfigurationPlatforms) = preSolution
		Debug|Any CPU = Debug|Any CPU
		Release|Any CPU = Release|Any CPU
	EndGlobalSection
	GlobalSection(ProjectConfigurationPlatforms) = postSolution
		{AF29EEA2-9750-4115-BEF0-CABB2BA27F97}.Debug|Any CPU.ActiveCfg = Debug|Any CPU
		{AF29EEA2-9750-4115-BEF0-CABB2BA27F97}.Debug|Any CPU.Build.0 = Debug|Any CPU
		{AF29EEA2-9750-4115-BEF0-CABB2BA27F97}.Release|Any CPU.ActiveCfg = Release|Any CPU
		{AF29EEA2-9750-4115-BEF0-CABB2BA27F97}.Release|Any CPU.Build.0 = Release|Any CPU
	EndGlobalSection
	GlobalSection(SolutionProperties) = preSolution
		HideSolutionNode = FALSE
	EndGlobalSection
	GlobalSection(ExtensibilityGlobals) = postSolution
		SolutionGuid = {7A5EA220-E6FC-4BD1-8F93-B6BFCCC6B083}
	EndGlobalSection
EndGlobal
